<?xml version="1.0" encoding="UTF-8" standalone="yes" ?>
<CodeBlocks_project_file>
	<FileVersion major="1" minor="6" />
	<Project>
		<Option title="wxSmith - Contrib Items (Unix)" />
		<Option platforms="Unix;Mac;" />
		<Option pch_mode="2" />
		<Option default_target="wxSmithContribItems" />
		<Option compiler="gcc" />
		<Build>
			<Target title="wxSmithContribItems">
				<Option platforms="Unix;Mac;" />
				<Option output="../../../devel/share/codeblocks/plugins/libwxSmithContribItems.so" prefix_auto="0" extension_auto="0" />
				<Option object_output="../../../.objs/plugins/contrib/wxSmithContribItems" />
				<Option external_deps="../../../devel/libwxsmithlib.so;" />
				<Option type="3" />
				<Option compiler="gcc" />
				<Option parameters="--debug-log --multiple-instance -ns -ni" />
				<Option host_application="../../../devel/codeblocks" />
				<Option run_host_application_in_terminal="0" />
				<Option projectLinkerOptionsRelation="2" />
				<Compiler>
					<Add option="-DWXMAKINGLIB_PROPGRID" />
					<Add directory="../../../sdk/wxpropgrid/include" />
					<Add directory="../../../sdk/wxscintilla/include" />
					<Add directory="../wxContribItems/wxthings/include" />
					<Add directory="../wxContribItems/wxchart-1.0/include" />
					<Add directory="../wxContribItems/wxFlatNotebook/include" />
					<Add directory="../wxContribItems/wxImagePanel/include" />
				</Compiler>
				<Linker>
					<Add library="wxpropgrid" />
					<Add library="wxsmithlib" />
					<Add library="codeblocks" />
					<Add library="wxflatnotebook" />
					<Add library="wxchartctrl" />
					<Add library="wxcustombutton" />
					<Add library="wximagepanel" />
					<Add directory="../../../devel" />
				</Linker>
				<ExtraCommands>
					<Add after="zip -j9 ../../../devel/share/codeblocks/wxSmithContribItems.zip manifest.xml" />
					<Mode after="always" />
				</ExtraCommands>
			</Target>
			<Environment>
				<Variable name="WX_CFG" value="" />
				<Variable name="WX_SUFFIX" value="u" />
			</Environment>
		</Build>
		<VirtualTargets>
			<Add alias="All" targets="wxSmithContribItems;" />
		</VirtualTargets>
		<Compiler>
			<Add option="-Wall" />
			<Add option="-g" />
			<Add option="-Ulinux" />
			<Add option="-Uunix" />
			<Add option="`wx-config --cflags`" />
			<Add option="-Winvalid-pch" />
			<Add option="-fexceptions" />
			<Add option="-fPIC" />
			<Add option="-DcbDEBUG" />
			<Add option="-DCB_PRECOMP" />
			<Add directory="../../../include" />
			<Add directory="../../../sdk/wxpropgrid/include" />
			<Add directory="../wxSmith" />
		</Compiler>
		<Linker>
			<Add option="`wx-config --libs`" />
		</Linker>
		<Unit filename="manifest.xml" />
		<Unit filename="wxSmithContribItems.cpp" />
		<Unit filename="wxSmithContribItems.h" />
		<Unit filename="wxchart/wxchart16.png" />
		<Unit filename="wxchart/wxchart16.xpm" />
		<Unit filename="wxchart/wxchart32.png" />
		<Unit filename="wxchart/wxchart32.xpm" />
		<Unit filename="wxchart/wxschart.cpp" />
		<Unit filename="wxchart/wxschart.h" />
		<Unit filename="wxflatnotebook/images/flatnote16.png" />
		<Unit filename="wxflatnotebook/images/flatnote16.xpm" />
		<Unit filename="wxflatnotebook/images/flatnote32.png" />
		<Unit filename="wxflatnotebook/images/flatnote32.xpm" />
		<Unit filename="wxflatnotebook/wxsFlatNotebook.cpp" />
		<Unit filename="wxflatnotebook/wxsFlatNotebook.h" />
		<Unit filename="wximagebutton/wxImageButton16.xpm" />
		<Unit filename="wximagebutton/wxImageButton32.xpm" />
		<Unit filename="wximagebutton/wxsimagebutton.cpp" />
		<Unit filename="wximagebutton/wxsimagebutton.h" />
		<Unit filename="wximagepanel/wxImagePanel16.xpm" />
		<Unit filename="wximagepanel/wxImagePanel32.xpm" />
		<Unit filename="wximagepanel/wxsimagepanel.cpp" />
		<Unit filename="wximagepanel/wxsimagepanel.h" />
		<Unit filename="wxthings/wxcustombutton16.png" />
		<Unit filename="wxthings/wxcustombutton16.xpm" />
		<Unit filename="wxthings/wxcustombutton32.png" />
		<Unit filename="wxthings/wxcustombutton32.xpm" />
		<Unit filename="wxthings/wxscustombutton.cpp" />
		<Unit filename="wxthings/wxscustombutton.h" />
		<Extensions>
			<code_completion />
			<envvars />
			<debugger />
		</Extensions>
	</Project>
</CodeBlocks_project_file>
