<?xml version="1.0" encoding="UTF-8" standalone="yes" ?>
<CodeBlocks_project_file>
	<FileVersion major="1" minor="5" />
	<Project>
		<Option title="wxSmith" />
		<Option pch_mode="0" />
		<Option default_target="" />
		<Option compiler="gcc" />
		<Option virtualFolders="" />
		<Build>
			<Target title="wxSmith">
				<Option output="..\..\..\devel\share\CodeBlocks\plugins\wxsmith.dll" prefix_auto="0" extension_auto="0" />
				<Option type="3" />
				<Option compiler="gcc" />
				<Option host_application="..\..\..\devel\codeblocks.exe" />
				<Linker>
					<Add library="txml" />
					<Add library="codeblocks" />
					<Add library="libpropgrid.a" />
					<Add library="wxmsw26$(WX_SUFFIX)" />
					<Add library="libwxscintilla.a" />
				</Linker>
			</Target>
			<Environment>
				<Variable name="WX_SUFFIX" value="u" />
				<Variable name="WX_CFG" value="" />
			</Environment>
		</Build>
		<VirtualTargets>
			<Add alias="All" targets="wxSmith;" />
		</VirtualTargets>
		<Compiler>
			<Add option="-Wall" />
			<Add option="-g" />
			<Add option="-pipe" />
			<Add option="-mthreads" />
			<Add option="-fmessage-length=0" />
			<Add option="-fexceptions" />
			<Add option="-Winvalid-pch" />
			<Add option='-include &quot;sdk.h&quot;' />
			<Add option="-DHAVE_W32API_H" />
			<Add option="-D__WXMSW__" />
			<Add option="-DWXUSINGDLL" />
			<Add option="-DcbDEBUG" />
			<Add option="-DTIXML_USE_STL" />
			<Add option="-DCB_PRECOMP" />
			<Add option="-DWX_PRECOMP" />
			<Add option="-DBUILDING_PLUGIN" />
			<Add option="-DwxUSE_UNICODE" />
			<Add directory="$(#WX.lib)\gcc_dll$(WX_CFG)\msw$(WX_SUFFIX)" />
			<Add directory="$(#CB)\sdk" />
			<Add directory="$(#CB)\sdk\wxscintilla\include" />
			<Add directory="$(#CB)\sdk\as\include" />
			<Add directory="$(#CB)\sdk\propgrid\include" />
			<Add directory="$(#CB)\sdk\wxFlatNotebook\include" />
			<Add directory="$(#CB.include)" />
			<Add directory="$(#CB.include)\wxscintilla\include" />
			<Add directory="$(#CB.include)\as\include" />
			<Add directory="$(#CB.include)\propgrid\include" />
			<Add directory="$(#WX.include)" />
			<Add directory="$(#WX)\contrib\include" />
		</Compiler>
		<ResourceCompiler>
			<Add directory="$(#WX.include)" />
		</ResourceCompiler>
		<Linker>
			<Add option="-Wl,--enable-auto-image-base" />
			<Add option="-Wl,--export-all-symbols" />
			<Add option="-Wl,--add-stdcall-alias" />
			<Add directory="$(#WX.lib)\gcc_dll$(WX_CFG)" />
			<Add directory="$(#CB)\devel" />
			<Add directory="$(#CB)\sdk\tinyxml" />
			<Add directory="$(#CB)\sdk\propgrid" />
			<Add directory="$(#CB.lib)" />
			<Add directory="$(#CB.lib)\tinyxml" />
		</Linker>
		<ExtraCommands>
			<Add after="update.bat" />
			<Mode after="always" />
		</ExtraCommands>
		<Unit filename="properties\wxsarraystringeditordlg.cpp">
			<Option compilerVar="CPP" />
			<Option target="wxSmith" />
		</Unit>
		<Unit filename="properties\wxsarraystringeditordlg.h">
			<Option compilerVar="CPP" />
			<Option compile="0" />
			<Option link="0" />
			<Option target="wxSmith" />
		</Unit>
		<Unit filename="properties\wxsarraystringproperty.cpp">
			<Option compilerVar="CPP" />
			<Option target="wxSmith" />
		</Unit>
		<Unit filename="properties\wxsarraystringproperty.h">
			<Option compilerVar="CPP" />
			<Option compile="0" />
			<Option link="0" />
			<Option target="wxSmith" />
		</Unit>
		<Unit filename="properties\wxsboolproperty.cpp">
			<Option compilerVar="CPP" />
			<Option target="wxSmith" />
		</Unit>
		<Unit filename="properties\wxsboolproperty.h">
			<Option compilerVar="CPP" />
			<Option compile="0" />
			<Option link="0" />
			<Option target="wxSmith" />
		</Unit>
		<Unit filename="properties\wxscustomeditorproperty.cpp">
			<Option compilerVar="CPP" />
			<Option target="wxSmith" />
		</Unit>
		<Unit filename="properties\wxscustomeditorproperty.h">
			<Option compilerVar="CPP" />
			<Option compile="0" />
			<Option link="0" />
			<Option target="wxSmith" />
		</Unit>
		<Unit filename="properties\wxsemptyproperty.cpp">
			<Option compilerVar="CPP" />
			<Option target="wxSmith" />
		</Unit>
		<Unit filename="properties\wxsemptyproperty.h">
			<Option compilerVar="CPP" />
			<Option compile="0" />
			<Option link="0" />
			<Option target="wxSmith" />
		</Unit>
		<Unit filename="properties\wxsenumproperty.cpp">
			<Option compilerVar="CPP" />
			<Option target="wxSmith" />
		</Unit>
		<Unit filename="properties\wxsenumproperty.h">
			<Option compilerVar="CPP" />
			<Option compile="0" />
			<Option link="0" />
			<Option target="wxSmith" />
		</Unit>
		<Unit filename="properties\wxsflagsproperty.cpp">
			<Option compilerVar="CPP" />
			<Option target="wxSmith" />
		</Unit>
		<Unit filename="properties\wxsflagsproperty.h">
			<Option compilerVar="CPP" />
			<Option compile="0" />
			<Option link="0" />
			<Option target="wxSmith" />
		</Unit>
		<Unit filename="properties\wxslongproperty.cpp">
			<Option compilerVar="CPP" />
			<Option target="wxSmith" />
		</Unit>
		<Unit filename="properties\wxslongproperty.h">
			<Option compilerVar="CPP" />
			<Option compile="0" />
			<Option link="0" />
			<Option target="wxSmith" />
		</Unit>
		<Unit filename="properties\wxsproperties.h">
			<Option compilerVar="CPP" />
			<Option compile="0" />
			<Option link="0" />
			<Option target="wxSmith" />
		</Unit>
		<Unit filename="properties\wxsproperty.cpp">
			<Option compilerVar="CPP" />
			<Option target="wxSmith" />
		</Unit>
		<Unit filename="properties\wxsproperty.h">
			<Option compilerVar="CPP" />
			<Option compile="0" />
			<Option link="0" />
			<Option target="wxSmith" />
		</Unit>
		<Unit filename="properties\wxspropertycontainer.cpp">
			<Option compilerVar="CPP" />
			<Option target="wxSmith" />
		</Unit>
		<Unit filename="properties\wxspropertycontainer.h">
			<Option compilerVar="CPP" />
			<Option compile="0" />
			<Option link="0" />
			<Option target="wxSmith" />
		</Unit>
		<Unit filename="properties\wxspropertygridmanager.cpp">
			<Option compilerVar="CPP" />
			<Option target="wxSmith" />
		</Unit>
		<Unit filename="properties\wxspropertygridmanager.h">
			<Option compilerVar="CPP" />
			<Option compile="0" />
			<Option link="0" />
			<Option target="wxSmith" />
		</Unit>
		<Unit filename="properties\wxspropertystream.cpp">
			<Option compilerVar="CPP" />
			<Option target="wxSmith" />
		</Unit>
		<Unit filename="properties\wxspropertystream.h">
			<Option compilerVar="CPP" />
			<Option compile="0" />
			<Option link="0" />
			<Option target="wxSmith" />
		</Unit>
		<Unit filename="properties\wxsquickpropspanel.cpp">
			<Option compilerVar="CPP" />
			<Option target="wxSmith" />
		</Unit>
		<Unit filename="properties\wxsquickpropspanel.h">
			<Option compilerVar="CPP" />
			<Option compile="0" />
			<Option link="0" />
			<Option target="wxSmith" />
		</Unit>
		<Unit filename="properties\wxsstringproperty.cpp">
			<Option compilerVar="CPP" />
			<Option target="wxSmith" />
		</Unit>
		<Unit filename="properties\wxsstringproperty.h">
			<Option compilerVar="CPP" />
			<Option compile="0" />
			<Option link="0" />
			<Option target="wxSmith" />
		</Unit>
		<Unit filename="wxsadvqpp.cpp">
			<Option compilerVar="CPP" />
			<Option target="wxSmith" />
		</Unit>
		<Unit filename="wxsadvqpp.h">
			<Option compilerVar="CPP" />
			<Option compile="0" />
			<Option link="0" />
			<Option target="wxSmith" />
		</Unit>
		<Unit filename="wxsadvqppchild.cpp">
			<Option compilerVar="CPP" />
			<Option target="wxSmith" />
		</Unit>
		<Unit filename="wxsadvqppchild.h">
			<Option compilerVar="CPP" />
			<Option compile="0" />
			<Option link="0" />
			<Option target="wxSmith" />
		</Unit>
		<Unit filename="wxscoder.cpp">
			<Option compilerVar="CPP" />
			<Option target="wxSmith" />
		</Unit>
		<Unit filename="wxscoder.h">
			<Option compilerVar="CPP" />
			<Option compile="0" />
			<Option link="0" />
			<Option target="wxSmith" />
		</Unit>
		<Unit filename="wxscodinglang.cpp">
			<Option compilerVar="CPP" />
			<Option target="wxSmith" />
		</Unit>
		<Unit filename="wxscodinglang.h">
			<Option compilerVar="CPP" />
			<Option compile="0" />
			<Option link="0" />
			<Option target="wxSmith" />
		</Unit>
		<Unit filename="wxseditor.cpp">
			<Option compilerVar="CPP" />
			<Option target="wxSmith" />
		</Unit>
		<Unit filename="wxseditor.h">
			<Option compilerVar="CPP" />
			<Option compile="0" />
			<Option link="0" />
			<Option target="wxSmith" />
		</Unit>
		<Unit filename="wxsextresmanager.cpp">
			<Option compilerVar="CPP" />
			<Option target="wxSmith" />
		</Unit>
		<Unit filename="wxsextresmanager.h">
			<Option compilerVar="CPP" />
			<Option compile="0" />
			<Option link="0" />
			<Option target="wxSmith" />
		</Unit>
		<Unit filename="wxsgui.cpp">
			<Option compilerVar="CPP" />
			<Option target="wxSmith" />
		</Unit>
		<Unit filename="wxsgui.h">
			<Option compilerVar="CPP" />
			<Option compile="0" />
			<Option link="0" />
			<Option target="wxSmith" />
		</Unit>
		<Unit filename="wxsguifactory.cpp">
			<Option compilerVar="CPP" />
			<Option target="wxSmith" />
		</Unit>
		<Unit filename="wxsguifactory.h">
			<Option compilerVar="CPP" />
			<Option compile="0" />
			<Option link="0" />
			<Option target="wxSmith" />
		</Unit>
		<Unit filename="wxsmith.cpp">
			<Option compilerVar="CPP" />
			<Option target="wxSmith" />
		</Unit>
		<Unit filename="wxsmith.h">
			<Option compilerVar="CPP" />
			<Option compile="0" />
			<Option link="0" />
			<Option target="wxSmith" />
		</Unit>
		<Unit filename="wxsmithmime.cpp">
			<Option compilerVar="CPP" />
			<Option target="wxSmith" />
		</Unit>
		<Unit filename="wxsmithmime.h">
			<Option compilerVar="CPP" />
			<Option compile="0" />
			<Option link="0" />
			<Option target="wxSmith" />
		</Unit>
		<Unit filename="wxsproject.cpp">
			<Option compilerVar="CPP" />
			<Option target="wxSmith" />
		</Unit>
		<Unit filename="wxsproject.h">
			<Option compilerVar="CPP" />
			<Option compile="0" />
			<Option link="0" />
			<Option target="wxSmith" />
		</Unit>
		<Unit filename="wxsresource.cpp">
			<Option compilerVar="CPP" />
			<Option target="wxSmith" />
		</Unit>
		<Unit filename="wxsresource.h">
			<Option compilerVar="CPP" />
			<Option compile="0" />
			<Option link="0" />
			<Option target="wxSmith" />
		</Unit>
		<Unit filename="wxsresourcefactory.cpp">
			<Option compilerVar="CPP" />
			<Option target="wxSmith" />
		</Unit>
		<Unit filename="wxsresourcefactory.h">
			<Option compilerVar="CPP" />
			<Option compile="0" />
			<Option link="0" />
			<Option target="wxSmith" />
		</Unit>
		<Unit filename="wxsresourcetree.cpp">
			<Option compilerVar="CPP" />
			<Option target="wxSmith" />
		</Unit>
		<Unit filename="wxsresourcetree.h">
			<Option compilerVar="CPP" />
			<Option compile="0" />
			<Option link="0" />
			<Option target="wxSmith" />
		</Unit>
		<Unit filename="wxsresourcetreeitemdata.cpp">
			<Option compilerVar="CPP" />
			<Option target="wxSmith" />
		</Unit>
		<Unit filename="wxsresourcetreeitemdata.h">
			<Option compilerVar="CPP" />
			<Option compile="0" />
			<Option link="0" />
			<Option target="wxSmith" />
		</Unit>
		<Unit filename="wxsstoringsplitterwindow.cpp">
			<Option compilerVar="CPP" />
			<Option target="wxSmith" />
		</Unit>
		<Unit filename="wxsstoringsplitterwindow.h">
			<Option compilerVar="CPP" />
			<Option compile="0" />
			<Option link="0" />
			<Option target="wxSmith" />
		</Unit>
		<Unit filename="wxsversionconverter.cpp">
			<Option compilerVar="CPP" />
			<Option target="wxSmith" />
		</Unit>
		<Unit filename="wxsversionconverter.h">
			<Option compilerVar="CPP" />
			<Option compile="0" />
			<Option link="0" />
			<Option target="wxSmith" />
		</Unit>
		<Unit filename="wxwidgets\defwidgets\wxsbitmapbutton.cpp">
			<Option compilerVar="CPP" />
			<Option target="wxSmith" />
		</Unit>
		<Unit filename="wxwidgets\defwidgets\wxsbitmapbutton.h">
			<Option compilerVar="CPP" />
			<Option compile="0" />
			<Option link="0" />
			<Option target="wxSmith" />
		</Unit>
		<Unit filename="wxwidgets\defwidgets\wxsboxsizer.cpp">
			<Option compilerVar="CPP" />
			<Option target="wxSmith" />
		</Unit>
		<Unit filename="wxwidgets\defwidgets\wxsboxsizer.h">
			<Option compilerVar="CPP" />
			<Option compile="0" />
			<Option link="0" />
			<Option target="wxSmith" />
		</Unit>
		<Unit filename="wxwidgets\defwidgets\wxsbutton.cpp">
			<Option compilerVar="CPP" />
			<Option target="wxSmith" />
		</Unit>
		<Unit filename="wxwidgets\defwidgets\wxsbutton.h">
			<Option compilerVar="CPP" />
			<Option compile="0" />
			<Option link="0" />
			<Option target="wxSmith" />
		</Unit>
		<Unit filename="wxwidgets\defwidgets\wxscalendarctrl.cpp">
			<Option compilerVar="CPP" />
			<Option target="wxSmith" />
		</Unit>
		<Unit filename="wxwidgets\defwidgets\wxscalendarctrl.h">
			<Option compilerVar="CPP" />
			<Option compile="0" />
			<Option link="0" />
			<Option target="wxSmith" />
		</Unit>
		<Unit filename="wxwidgets\defwidgets\wxscheckbox.cpp">
			<Option compilerVar="CPP" />
			<Option target="wxSmith" />
		</Unit>
		<Unit filename="wxwidgets\defwidgets\wxscheckbox.h">
			<Option compilerVar="CPP" />
			<Option compile="0" />
			<Option link="0" />
			<Option target="wxSmith" />
		</Unit>
		<Unit filename="wxwidgets\defwidgets\wxschecklistbox.cpp">
			<Option compilerVar="CPP" />
			<Option target="wxSmith" />
		</Unit>
		<Unit filename="wxwidgets\defwidgets\wxschecklistbox.h">
			<Option compilerVar="CPP" />
			<Option compile="0" />
			<Option link="0" />
			<Option target="wxSmith" />
		</Unit>
		<Unit filename="wxwidgets\defwidgets\wxschoice.cpp">
			<Option compilerVar="CPP" />
			<Option target="wxSmith" />
		</Unit>
		<Unit filename="wxwidgets\defwidgets\wxschoice.h">
			<Option compilerVar="CPP" />
			<Option compile="0" />
			<Option link="0" />
			<Option target="wxSmith" />
		</Unit>
		<Unit filename="wxwidgets\defwidgets\wxscombobox.cpp">
			<Option compilerVar="CPP" />
			<Option target="wxSmith" />
		</Unit>
		<Unit filename="wxwidgets\defwidgets\wxscombobox.h">
			<Option compilerVar="CPP" />
			<Option compile="0" />
			<Option link="0" />
			<Option target="wxSmith" />
		</Unit>
		<Unit filename="wxwidgets\defwidgets\wxsdatepickerctrl.cpp">
			<Option compilerVar="CPP" />
			<Option target="wxSmith" />
		</Unit>
		<Unit filename="wxwidgets\defwidgets\wxsdatepickerctrl.h">
			<Option compilerVar="CPP" />
			<Option compile="0" />
			<Option link="0" />
			<Option target="wxSmith" />
		</Unit>
		<Unit filename="wxwidgets\defwidgets\wxsdialog.cpp">
			<Option compilerVar="CPP" />
			<Option target="wxSmith" />
		</Unit>
		<Unit filename="wxwidgets\defwidgets\wxsdialog.h">
			<Option compilerVar="CPP" />
			<Option compile="0" />
			<Option link="0" />
			<Option target="wxSmith" />
		</Unit>
		<Unit filename="wxwidgets\defwidgets\wxsflexgridsizer.cpp">
			<Option compilerVar="CPP" />
			<Option target="wxSmith" />
		</Unit>
		<Unit filename="wxwidgets\defwidgets\wxsflexgridsizer.h">
			<Option compilerVar="CPP" />
			<Option compile="0" />
			<Option link="0" />
			<Option target="wxSmith" />
		</Unit>
		<Unit filename="wxwidgets\defwidgets\wxsframe.cpp">
			<Option compilerVar="CPP" />
			<Option target="wxSmith" />
		</Unit>
		<Unit filename="wxwidgets\defwidgets\wxsframe.h">
			<Option compilerVar="CPP" />
			<Option compile="0" />
			<Option link="0" />
			<Option target="wxSmith" />
		</Unit>
		<Unit filename="wxwidgets\defwidgets\wxsgauge.cpp">
			<Option compilerVar="CPP" />
			<Option target="wxSmith" />
		</Unit>
		<Unit filename="wxwidgets\defwidgets\wxsgauge.h">
			<Option compilerVar="CPP" />
			<Option compile="0" />
			<Option link="0" />
			<Option target="wxSmith" />
		</Unit>
		<Unit filename="wxwidgets\defwidgets\wxsgenericdirctrl.cpp">
			<Option compilerVar="CPP" />
			<Option target="wxSmith" />
		</Unit>
		<Unit filename="wxwidgets\defwidgets\wxsgenericdirctrl.h">
			<Option compilerVar="CPP" />
			<Option compile="0" />
			<Option link="0" />
			<Option target="wxSmith" />
		</Unit>
		<Unit filename="wxwidgets\defwidgets\wxsgridsizer.cpp">
			<Option compilerVar="CPP" />
			<Option target="wxSmith" />
		</Unit>
		<Unit filename="wxwidgets\defwidgets\wxsgridsizer.h">
			<Option compilerVar="CPP" />
			<Option compile="0" />
			<Option link="0" />
			<Option target="wxSmith" />
		</Unit>
		<Unit filename="wxwidgets\defwidgets\wxslistbox.cpp">
			<Option compilerVar="CPP" />
			<Option target="wxSmith" />
		</Unit>
		<Unit filename="wxwidgets\defwidgets\wxslistbox.h">
			<Option compilerVar="CPP" />
			<Option compile="0" />
			<Option link="0" />
			<Option target="wxSmith" />
		</Unit>
		<Unit filename="wxwidgets\defwidgets\wxslistctrl.cpp">
			<Option compilerVar="CPP" />
			<Option target="wxSmith" />
		</Unit>
		<Unit filename="wxwidgets\defwidgets\wxslistctrl.h">
			<Option compilerVar="CPP" />
			<Option compile="0" />
			<Option link="0" />
			<Option target="wxSmith" />
		</Unit>
		<Unit filename="wxwidgets\defwidgets\wxspanel.cpp">
			<Option compilerVar="CPP" />
			<Option target="wxSmith" />
		</Unit>
		<Unit filename="wxwidgets\defwidgets\wxspanel.h">
			<Option compilerVar="CPP" />
			<Option compile="0" />
			<Option link="0" />
			<Option target="wxSmith" />
		</Unit>
		<Unit filename="wxwidgets\defwidgets\wxsradiobox.cpp">
			<Option compilerVar="CPP" />
			<Option target="wxSmith" />
		</Unit>
		<Unit filename="wxwidgets\defwidgets\wxsradiobox.h">
			<Option compilerVar="CPP" />
			<Option compile="0" />
			<Option link="0" />
			<Option target="wxSmith" />
		</Unit>
		<Unit filename="wxwidgets\defwidgets\wxsradiobutton.cpp">
			<Option compilerVar="CPP" />
			<Option target="wxSmith" />
		</Unit>
		<Unit filename="wxwidgets\defwidgets\wxsradiobutton.h">
			<Option compilerVar="CPP" />
			<Option compile="0" />
			<Option link="0" />
			<Option target="wxSmith" />
		</Unit>
		<Unit filename="wxwidgets\defwidgets\wxsscrollbar.cpp">
			<Option compilerVar="CPP" />
			<Option target="wxSmith" />
		</Unit>
		<Unit filename="wxwidgets\defwidgets\wxsscrollbar.h">
			<Option compilerVar="CPP" />
			<Option compile="0" />
			<Option link="0" />
			<Option target="wxSmith" />
		</Unit>
		<Unit filename="wxwidgets\defwidgets\wxsslider.cpp">
			<Option compilerVar="CPP" />
			<Option target="wxSmith" />
		</Unit>
		<Unit filename="wxwidgets\defwidgets\wxsslider.h">
			<Option compilerVar="CPP" />
			<Option compile="0" />
			<Option link="0" />
			<Option target="wxSmith" />
		</Unit>
		<Unit filename="wxwidgets\defwidgets\wxsspacer.cpp">
			<Option compilerVar="CPP" />
			<Option target="wxSmith" />
		</Unit>
		<Unit filename="wxwidgets\defwidgets\wxsspacer.h">
			<Option compilerVar="CPP" />
			<Option compile="0" />
			<Option link="0" />
			<Option target="wxSmith" />
		</Unit>
		<Unit filename="wxwidgets\defwidgets\wxsspinbutton.cpp">
			<Option compilerVar="CPP" />
			<Option target="wxSmith" />
		</Unit>
		<Unit filename="wxwidgets\defwidgets\wxsspinbutton.h">
			<Option compilerVar="CPP" />
			<Option compile="0" />
			<Option link="0" />
			<Option target="wxSmith" />
		</Unit>
		<Unit filename="wxwidgets\defwidgets\wxsspinctrl.cpp">
			<Option compilerVar="CPP" />
			<Option target="wxSmith" />
		</Unit>
		<Unit filename="wxwidgets\defwidgets\wxsspinctrl.h">
			<Option compilerVar="CPP" />
			<Option compile="0" />
			<Option link="0" />
			<Option target="wxSmith" />
		</Unit>
		<Unit filename="wxwidgets\defwidgets\wxsstaticbitmap.cpp">
			<Option compilerVar="CPP" />
			<Option target="wxSmith" />
		</Unit>
		<Unit filename="wxwidgets\defwidgets\wxsstaticbitmap.h">
			<Option compilerVar="CPP" />
			<Option compile="0" />
			<Option link="0" />
			<Option target="wxSmith" />
		</Unit>
		<Unit filename="wxwidgets\defwidgets\wxsstaticbox.cpp">
			<Option compilerVar="CPP" />
			<Option target="wxSmith" />
		</Unit>
		<Unit filename="wxwidgets\defwidgets\wxsstaticbox.h">
			<Option compilerVar="CPP" />
			<Option compile="0" />
			<Option link="0" />
			<Option target="wxSmith" />
		</Unit>
		<Unit filename="wxwidgets\defwidgets\wxsstaticboxsizer.cpp">
			<Option compilerVar="CPP" />
			<Option target="wxSmith" />
		</Unit>
		<Unit filename="wxwidgets\defwidgets\wxsstaticboxsizer.h">
			<Option compilerVar="CPP" />
			<Option compile="0" />
			<Option link="0" />
			<Option target="wxSmith" />
		</Unit>
		<Unit filename="wxwidgets\defwidgets\wxsstaticline.cpp">
			<Option compilerVar="CPP" />
			<Option target="wxSmith" />
		</Unit>
		<Unit filename="wxwidgets\defwidgets\wxsstaticline.h">
			<Option compilerVar="CPP" />
			<Option compile="0" />
			<Option link="0" />
			<Option target="wxSmith" />
		</Unit>
		<Unit filename="wxwidgets\defwidgets\wxsstatictext.cpp">
			<Option compilerVar="CPP" />
			<Option target="wxSmith" />
		</Unit>
		<Unit filename="wxwidgets\defwidgets\wxsstatictext.h">
			<Option compilerVar="CPP" />
			<Option compile="0" />
			<Option link="0" />
			<Option target="wxSmith" />
		</Unit>
		<Unit filename="wxwidgets\defwidgets\wxstextctrl.cpp">
			<Option compilerVar="CPP" />
			<Option target="wxSmith" />
		</Unit>
		<Unit filename="wxwidgets\defwidgets\wxstextctrl.h">
			<Option compilerVar="CPP" />
			<Option compile="0" />
			<Option link="0" />
			<Option target="wxSmith" />
		</Unit>
		<Unit filename="wxwidgets\defwidgets\wxstogglebutton.cpp">
			<Option compilerVar="CPP" />
			<Option target="wxSmith" />
		</Unit>
		<Unit filename="wxwidgets\defwidgets\wxstogglebutton.h">
			<Option compilerVar="CPP" />
			<Option compile="0" />
			<Option link="0" />
			<Option target="wxSmith" />
		</Unit>
		<Unit filename="wxwidgets\defwidgets\wxstreectrl.cpp">
			<Option compilerVar="CPP" />
			<Option target="wxSmith" />
		</Unit>
		<Unit filename="wxwidgets\defwidgets\wxstreectrl.h">
			<Option compilerVar="CPP" />
			<Option compile="0" />
			<Option link="0" />
			<Option target="wxSmith" />
		</Unit>
		<Unit filename="wxwidgets\properties\wxsarraystringcheckeditordlg.cpp">
			<Option compilerVar="CPP" />
			<Option target="wxSmith" />
		</Unit>
		<Unit filename="wxwidgets\properties\wxsarraystringcheckeditordlg.h">
			<Option compilerVar="CPP" />
			<Option compile="0" />
			<Option link="0" />
			<Option target="wxSmith" />
		</Unit>
		<Unit filename="wxwidgets\properties\wxsarraystringcheckproperty.cpp">
			<Option compilerVar="CPP" />
			<Option target="wxSmith" />
		</Unit>
		<Unit filename="wxwidgets\properties\wxsarraystringcheckproperty.h">
			<Option compilerVar="CPP" />
			<Option compile="0" />
			<Option link="0" />
			<Option target="wxSmith" />
		</Unit>
		<Unit filename="wxwidgets\properties\wxsbitmapiconeditordlg.cpp">
			<Option compilerVar="CPP" />
			<Option target="wxSmith" />
		</Unit>
		<Unit filename="wxwidgets\properties\wxsbitmapiconeditordlg.h">
			<Option compilerVar="CPP" />
			<Option compile="0" />
			<Option link="0" />
			<Option target="wxSmith" />
		</Unit>
		<Unit filename="wxwidgets\properties\wxsbitmapiconproperty.cpp">
			<Option compilerVar="CPP" />
			<Option target="wxSmith" />
		</Unit>
		<Unit filename="wxwidgets\properties\wxsbitmapiconproperty.h">
			<Option compilerVar="CPP" />
			<Option compile="0" />
			<Option link="0" />
			<Option target="wxSmith" />
		</Unit>
		<Unit filename="wxwidgets\properties\wxscolourproperty.cpp">
			<Option compilerVar="CPP" />
			<Option target="wxSmith" />
		</Unit>
		<Unit filename="wxwidgets\properties\wxscolourproperty.h">
			<Option compilerVar="CPP" />
			<Option compile="0" />
			<Option link="0" />
			<Option target="wxSmith" />
		</Unit>
		<Unit filename="wxwidgets\properties\wxsdimensionproperty.cpp">
			<Option compilerVar="CPP" />
			<Option target="wxSmith" />
		</Unit>
		<Unit filename="wxwidgets\properties\wxsdimensionproperty.h">
			<Option compilerVar="CPP" />
			<Option compile="0" />
			<Option link="0" />
			<Option target="wxSmith" />
		</Unit>
		<Unit filename="wxwidgets\properties\wxsfonteditordlg.cpp">
			<Option compilerVar="CPP" />
			<Option target="wxSmith" />
		</Unit>
		<Unit filename="wxwidgets\properties\wxsfonteditordlg.h">
			<Option compilerVar="CPP" />
			<Option compile="0" />
			<Option link="0" />
			<Option target="wxSmith" />
		</Unit>
		<Unit filename="wxwidgets\properties\wxsfontfaceeditordlg.cpp">
			<Option compilerVar="CPP" />
			<Option target="wxSmith" />
		</Unit>
		<Unit filename="wxwidgets\properties\wxsfontfaceeditordlg.h">
			<Option compilerVar="CPP" />
			<Option compile="0" />
			<Option link="0" />
			<Option target="wxSmith" />
		</Unit>
		<Unit filename="wxwidgets\properties\wxsfontproperty.cpp">
			<Option compilerVar="CPP" />
			<Option target="wxSmith" />
		</Unit>
		<Unit filename="wxwidgets\properties\wxsfontproperty.h">
			<Option compilerVar="CPP" />
			<Option compile="0" />
			<Option link="0" />
			<Option target="wxSmith" />
		</Unit>
		<Unit filename="wxwidgets\properties\wxspositionsizeproperty.cpp">
			<Option compilerVar="CPP" />
			<Option target="wxSmith" />
		</Unit>
		<Unit filename="wxwidgets\properties\wxspositionsizeproperty.h">
			<Option compilerVar="CPP" />
			<Option compile="0" />
			<Option link="0" />
			<Option target="wxSmith" />
		</Unit>
		<Unit filename="wxwidgets\properties\wxssizerflagsproperty.cpp">
			<Option compilerVar="CPP" />
			<Option target="wxSmith" />
		</Unit>
		<Unit filename="wxwidgets\properties\wxssizerflagsproperty.h">
			<Option compilerVar="CPP" />
			<Option compile="0" />
			<Option link="0" />
			<Option target="wxSmith" />
		</Unit>
		<Unit filename="wxwidgets\properties\wxsstyleproperty.cpp">
			<Option compilerVar="CPP" />
			<Option target="wxSmith" />
		</Unit>
		<Unit filename="wxwidgets\properties\wxsstyleproperty.h">
			<Option compilerVar="CPP" />
			<Option compile="0" />
			<Option link="0" />
			<Option target="wxSmith" />
		</Unit>
		<Unit filename="wxwidgets\wxsbaseproperties.cpp">
			<Option compilerVar="CPP" />
			<Option target="wxSmith" />
		</Unit>
		<Unit filename="wxwidgets\wxsbaseproperties.h">
			<Option compilerVar="CPP" />
			<Option compile="0" />
			<Option link="0" />
			<Option target="wxSmith" />
		</Unit>
		<Unit filename="wxwidgets\wxscontainer.cpp">
			<Option compilerVar="CPP" />
			<Option target="wxSmith" />
		</Unit>
		<Unit filename="wxwidgets\wxscontainer.h">
			<Option compilerVar="CPP" />
			<Option compile="0" />
			<Option link="0" />
			<Option target="wxSmith" />
		</Unit>
		<Unit filename="wxwidgets\wxscorrector.cpp">
			<Option compilerVar="CPP" />
			<Option target="wxSmith" />
		</Unit>
		<Unit filename="wxwidgets\wxscorrector.h">
			<Option compilerVar="CPP" />
			<Option compile="0" />
			<Option link="0" />
			<Option target="wxSmith" />
		</Unit>
		<Unit filename="wxwidgets\wxsdialogres.cpp">
			<Option compilerVar="CPP" />
			<Option target="wxSmith" />
		</Unit>
		<Unit filename="wxwidgets\wxsdialogres.h">
			<Option compilerVar="CPP" />
			<Option compile="0" />
			<Option link="0" />
			<Option target="wxSmith" />
		</Unit>
		<Unit filename="wxwidgets\wxsdrawingwindow.cpp">
			<Option compilerVar="CPP" />
			<Option target="wxSmith" />
		</Unit>
		<Unit filename="wxwidgets\wxsdrawingwindow.h">
			<Option compilerVar="CPP" />
			<Option compile="0" />
			<Option link="0" />
			<Option target="wxSmith" />
		</Unit>
		<Unit filename="wxwidgets\wxsevents.cpp">
			<Option compilerVar="CPP" />
			<Option target="wxSmith" />
		</Unit>
		<Unit filename="wxwidgets\wxsevents.h">
			<Option compilerVar="CPP" />
			<Option compile="0" />
			<Option link="0" />
			<Option target="wxSmith" />
		</Unit>
		<Unit filename="wxwidgets\wxseventseditor.cpp">
			<Option compilerVar="CPP" />
			<Option target="wxSmith" />
		</Unit>
		<Unit filename="wxwidgets\wxseventseditor.h">
			<Option compilerVar="CPP" />
			<Option compile="0" />
			<Option link="0" />
			<Option target="wxSmith" />
		</Unit>
		<Unit filename="wxwidgets\wxsexproperties.h">
			<Option compilerVar="CPP" />
			<Option compile="0" />
			<Option link="0" />
			<Option target="wxSmith" />
		</Unit>
		<Unit filename="wxwidgets\wxsframeres.cpp">
			<Option compilerVar="CPP" />
			<Option target="wxSmith" />
		</Unit>
		<Unit filename="wxwidgets\wxsframeres.h">
			<Option compilerVar="CPP" />
			<Option compile="0" />
			<Option link="0" />
			<Option target="wxSmith" />
		</Unit>
		<Unit filename="wxwidgets\wxsitem.cpp">
			<Option compilerVar="CPP" />
			<Option target="wxSmith" />
		</Unit>
		<Unit filename="wxwidgets\wxsitem.h">
			<Option compilerVar="CPP" />
			<Option compile="0" />
			<Option link="0" />
			<Option target="wxSmith" />
		</Unit>
		<Unit filename="wxwidgets\wxsitemeditor.cpp">
			<Option compilerVar="CPP" />
			<Option target="wxSmith" />
		</Unit>
		<Unit filename="wxwidgets\wxsitemeditor.h">
			<Option compilerVar="CPP" />
			<Option compile="0" />
			<Option link="0" />
			<Option target="wxSmith" />
		</Unit>
		<Unit filename="wxwidgets\wxsitemeditorcontent.cpp">
			<Option compilerVar="CPP" />
			<Option target="wxSmith" />
		</Unit>
		<Unit filename="wxwidgets\wxsitemeditorcontent.h">
			<Option compilerVar="CPP" />
			<Option compile="0" />
			<Option link="0" />
			<Option target="wxSmith" />
		</Unit>
		<Unit filename="wxwidgets\wxsitemeditordragassist.cpp">
			<Option compilerVar="CPP" />
			<Option target="wxSmith" />
		</Unit>
		<Unit filename="wxwidgets\wxsitemeditordragassist.h">
			<Option compilerVar="CPP" />
			<Option compile="0" />
			<Option link="0" />
			<Option target="wxSmith" />
		</Unit>
		<Unit filename="wxwidgets\wxsitemfactory.cpp">
			<Option compilerVar="CPP" />
			<Option target="wxSmith" />
		</Unit>
		<Unit filename="wxwidgets\wxsitemfactory.h">
			<Option compilerVar="CPP" />
			<Option compile="0" />
			<Option link="0" />
			<Option target="wxSmith" />
		</Unit>
		<Unit filename="wxwidgets\wxsiteminfo.h">
			<Option compilerVar="CPP" />
			<Option compile="0" />
			<Option link="0" />
			<Option target="wxSmith" />
		</Unit>
		<Unit filename="wxwidgets\wxsitemres.cpp">
			<Option compilerVar="CPP" />
			<Option target="wxSmith" />
		</Unit>
		<Unit filename="wxwidgets\wxsitemres.h">
			<Option compilerVar="CPP" />
			<Option compile="0" />
			<Option link="0" />
			<Option target="wxSmith" />
		</Unit>
		<Unit filename="wxwidgets\wxsitemresdata.cpp">
			<Option compilerVar="CPP" />
			<Option target="wxSmith" />
		</Unit>
		<Unit filename="wxwidgets\wxsitemresdata.h">
			<Option compilerVar="CPP" />
			<Option compile="0" />
			<Option link="0" />
			<Option target="wxSmith" />
		</Unit>
		<Unit filename="wxwidgets\wxsitemresdataobject.cpp">
			<Option compilerVar="CPP" />
			<Option target="wxSmith" />
		</Unit>
		<Unit filename="wxwidgets\wxsitemresdataobject.h">
			<Option compilerVar="CPP" />
			<Option compile="0" />
			<Option link="0" />
			<Option target="wxSmith" />
		</Unit>
		<Unit filename="wxwidgets\wxsitemrestreedata.cpp">
			<Option compilerVar="CPP" />
			<Option target="wxSmith" />
		</Unit>
		<Unit filename="wxwidgets\wxsitemrestreedata.h">
			<Option compilerVar="CPP" />
			<Option compile="0" />
			<Option link="0" />
			<Option target="wxSmith" />
		</Unit>
		<Unit filename="wxwidgets\wxsitemundobuffer.cpp">
			<Option compilerVar="CPP" />
			<Option target="wxSmith" />
		</Unit>
		<Unit filename="wxwidgets\wxsitemundobuffer.h">
			<Option compilerVar="CPP" />
			<Option compile="0" />
			<Option link="0" />
			<Option target="wxSmith" />
		</Unit>
		<Unit filename="wxwidgets\wxsnewwindowdlg.cpp">
			<Option compilerVar="CPP" />
			<Option target="wxSmith" />
		</Unit>
		<Unit filename="wxwidgets\wxsnewwindowdlg.h">
			<Option compilerVar="CPP" />
			<Option compile="0" />
			<Option link="0" />
			<Option target="wxSmith" />
		</Unit>
		<Unit filename="wxwidgets\wxspanelres.cpp">
			<Option compilerVar="CPP" />
			<Option target="wxSmith" />
		</Unit>
		<Unit filename="wxwidgets\wxspanelres.h">
			<Option compilerVar="CPP" />
			<Option compile="0" />
			<Option link="0" />
			<Option target="wxSmith" />
		</Unit>
		<Unit filename="wxwidgets\wxsparent.cpp">
			<Option compilerVar="CPP" />
			<Option target="wxSmith" />
		</Unit>
		<Unit filename="wxwidgets\wxsparent.h">
			<Option compilerVar="CPP" />
			<Option compile="0" />
			<Option link="0" />
			<Option target="wxSmith" />
		</Unit>
		<Unit filename="wxwidgets\wxspredefinedids.cpp">
			<Option compilerVar="CPP" />
			<Option target="wxSmith" />
		</Unit>
		<Unit filename="wxwidgets\wxspredefinedids.h">
			<Option compilerVar="CPP" />
			<Option compile="0" />
			<Option link="0" />
			<Option target="wxSmith" />
		</Unit>
		<Unit filename="wxwidgets\wxssizer.cpp">
			<Option compilerVar="CPP" />
			<Option target="wxSmith" />
		</Unit>
		<Unit filename="wxwidgets\wxssizer.h">
			<Option compilerVar="CPP" />
			<Option compile="0" />
			<Option link="0" />
			<Option target="wxSmith" />
		</Unit>
		<Unit filename="wxwidgets\wxsstyle.cpp">
			<Option compilerVar="CPP" />
			<Option target="wxSmith" />
		</Unit>
		<Unit filename="wxwidgets\wxsstyle.h">
			<Option compilerVar="CPP" />
			<Option compile="0" />
			<Option link="0" />
			<Option target="wxSmith" />
		</Unit>
		<Unit filename="wxwidgets\wxswidget.cpp">
			<Option compilerVar="CPP" />
			<Option target="wxSmith" />
		</Unit>
		<Unit filename="wxwidgets\wxswidget.h">
			<Option compilerVar="CPP" />
			<Option compile="0" />
			<Option link="0" />
			<Option target="wxSmith" />
		</Unit>
		<Unit filename="wxwidgets\wxwidgetsgui.cpp">
			<Option compilerVar="CPP" />
			<Option target="wxSmith" />
		</Unit>
		<Unit filename="wxwidgets\wxwidgetsgui.h">
			<Option compilerVar="CPP" />
			<Option compile="0" />
			<Option link="0" />
			<Option target="wxSmith" />
		</Unit>
		<Unit filename="wxwidgets\wxwidgetsguiappadoptingdlg.cpp">
			<Option compilerVar="CPP" />
			<Option target="wxSmith" />
		</Unit>
		<Unit filename="wxwidgets\wxwidgetsguiappadoptingdlg.h">
			<Option compilerVar="CPP" />
			<Option compile="0" />
			<Option link="0" />
			<Option target="wxSmith" />
		</Unit>
		<Unit filename="wxwidgets\wxwidgetsguiconfigpanel.cpp">
			<Option compilerVar="CPP" />
			<Option target="wxSmith" />
		</Unit>
		<Unit filename="wxwidgets\wxwidgetsguiconfigpanel.h">
			<Option compilerVar="CPP" />
			<Option compile="0" />
			<Option link="0" />
			<Option target="wxSmith" />
		</Unit>
		<Unit filename="wxwidgets\wxwidgetsres.cpp">
			<Option compilerVar="CPP" />
			<Option target="wxSmith" />
		</Unit>
		<Unit filename="wxwidgets\wxwidgetsres.h">
			<Option compilerVar="CPP" />
			<Option compile="0" />
			<Option link="0" />
			<Option target="wxSmith" />
		</Unit>
		<Unit filename="wxwidgets\wxwidgetsresfactory.cpp">
			<Option compilerVar="CPP" />
			<Option target="wxSmith" />
		</Unit>
		<Unit filename="wxwidgets\wxwidgetsresfactory.h">
			<Option compilerVar="CPP" />
			<Option compile="0" />
			<Option link="0" />
			<Option target="wxSmith" />
		</Unit>
		<Extensions>
			<code_completion />
			<wxsmith>
				<dialog wxs_file="wxWidgetsGUIAppAdoptingDlg.wxs" class="wxWidgetsGUIAppAdoptingDlg" src_file="wxwidgets\wxwidgetsguiappadoptingdlg.cpp" header_file="wxwidgets/wxwidgetsguiappadoptingdlg.h" xrc_file="" edit_mode="Source" />
				<dialog wxs_file="wxsNewWindowDlg.wxs" class="wxsNewWindowDlg" src_file="wxwidgets/wxsnewwindowdlg.cpp" header_file="wxwidgets/wxsnewwindowdlg.h" xrc_file="" edit_mode="Source" />
				<dialog wxs_file="wxsArrayStringCheckEditorDlg.wxs" class="wxsArrayStringCheckEditorDlg" src_file="wxwidgets/properties/wxsarraystringcheckeditordlg.cpp" header_file="wxwidgets\properties\wxsarraystringcheckeditordlg.h" xrc_file="" edit_mode="Source" />
				<dialog wxs_file="wxsFontEditorDlg.wxs" class="wxsFontEditorDlg" src_file="wxwidgets/properties/wxsfonteditordlg.cpp" header_file="wxwidgets\properties\wxsfonteditordlg.h" xrc_file="" edit_mode="Source" />
				<dialog wxs_file="wxsFontFaceEditorDlg.wxs" class="wxsFontFaceEditorDlg" src_file="wxwidgets/properties/wxsfontfaceeditordlg.cpp" header_file="wxwidgets\properties\wxsfontfaceeditordlg.h" xrc_file="" edit_mode="Source" />
				<panel wxs_file="wxWidgetsGUIConfigPanel.wxs" class="wxWidgetsGUIConfigPanel" src_file="wxwidgets/wxwidgetsguiconfigpanel.cpp" header_file="wxwidgets/wxwidgetsguiconfigpanel.h" xrc_file="" edit_mode="Source" />
				<configuration app_src_file="" main_resource="" init_all_handlers="necessary" />
			</wxsmith>
		</Extensions>
	</Project>
</CodeBlocks_project_file>
