<?xml version="1.0" encoding="UTF-8" standalone="yes" ?>
<CodeBlocks_project_file>
	<FileVersion major="1" minor="6" />
	<Project>
		<Option title="wxSmith - Image-Based Designers (unix)" />
		<Option pch_mode="2" />
		<Option compiler="gcc" />
		<Build>
			<Target title="wxSmithImage">
				<Option platforms="Unix;Mac;" />
				<Option output="../../../devel/share/codeblocks/plugins/libwxSmithImage.so" prefix_auto="0" extension_auto="0" />
				<Option working_dir="../../../devel" />
				<Option object_output="..\..\..\.objs\plugins\contrib\wxSmithImage" />
				<Option type="3" />
				<Option compiler="gcc" />
				<Option host_application="codeblocks" />
			</Target>
			<Environment>
				<Variable name="WX_SUFFIX" value="u" />
				<Variable name="WX_CFG" value="" />
			</Environment>
		</Build>
		<VirtualTargets>
			<Add alias="All" targets="wxSmithImage;" />
		</VirtualTargets>
		<Compiler>
			<Add option="-g" />
			<Add option="-Ulinux" />
			<Add option="-Uunix" />
			<Add option="`wx-config --cflags`" />
			<Add option="-Winvalid-pch" />
			<Add option="-fexceptions" />
			<Add option="-fPIC" />
			<Add option="-DcbDEBUG" />
			<Add option="-DCB_PRECOMP" />
			<Add option="-DWXMAKINGLIB_PROPGRID" />
			<Add option="-DWXMAKINGDLL_THINGS" />
			<Add option="-DWXMAKINGDLL_CHART" />
			<Add directory="../../../include" />
			<Add directory="../../../sdk/wxscintilla/include" />
			<Add directory="../wxSmith" />
			<Add directory="../wxSmith/wxwidgets" />
			<Add directory="../wxSmith/properties" />
			<Add directory="../wxSmith/wxwidgets/properties" />
			<Add directory="../wxSmith/wxwidgets/defitems" />
			<Add directory="../wxSmith/propgrid/contrib/include" />
			<Add directory="additions/include" />
			<Add directory="wxsImageListDialog" />
			<Add directory="properties" />
			<Add directory="wxsImage" />
			<Add directory="wxsImageList" />
			<Add directory="wxImagePanel" />
		</Compiler>
		<Linker>
			<Add option="`wx-config --libs`" />
			<Add library="wxsmithlib" />
			<Add library="codeblocks" />
			<Add directory="../../../devel" />
		</Linker>
		<ExtraCommands>
			<Add after="zip  -j9  ../../../devel/share/codeblocks/wxSmithImage.zip  manifest.xml" />
		</ExtraCommands>
		<Unit filename="manifest.xml" />
		<Unit filename="properties/wxseditenumproperty.cpp" />
		<Unit filename="properties/wxseditenumproperty.h" />
		<Unit filename="properties/wxsimagelistproperty.cpp" />
		<Unit filename="properties/wxsimagelistproperty.h" />
		<Unit filename="properties/wxsimageproperty.cpp" />
		<Unit filename="properties/wxsimageproperty.h" />
		<Unit filename="wxImagePanel/wxImagePanel.cpp" />
		<Unit filename="wxImagePanel/wxImagePanel.h" />
		<Unit filename="wxSmithImage.cpp" />
		<Unit filename="wxSmithImage.h" />
		<Unit filename="wxsBitmapComboBox/BitmapComboBox16.xpm" />
		<Unit filename="wxsBitmapComboBox/BitmapComboBox32.xpm" />
		<Unit filename="wxsBitmapComboBox/wxsBitmapComboBox.cpp" />
		<Unit filename="wxsBitmapComboBox/wxsBitmapComboBox.h" />
		<Unit filename="wxsImage/Image16.xpm" />
		<Unit filename="wxsImage/Image32.xpm" />
		<Unit filename="wxsImage/wxsImage.cpp" />
		<Unit filename="wxsImage/wxsImage.h" />
		<Unit filename="wxsImageButton/ImageButton16.xpm" />
		<Unit filename="wxsImageButton/ImageButton32.xpm" />
		<Unit filename="wxsImageButton/wxsImageButton.cpp" />
		<Unit filename="wxsImageButton/wxsImageButton.h" />
		<Unit filename="wxsImageList/ImageList16.xpm" />
		<Unit filename="wxsImageList/ImageList32.xpm" />
		<Unit filename="wxsImageList/wxsImageList.cpp" />
		<Unit filename="wxsImageList/wxsImageList.h" />
		<Unit filename="wxsImageListDialog/wxsImageListDialog.cpp" />
		<Unit filename="wxsImageListDialog/wxsImageListDialog.h" />
		<Unit filename="wxsImageListDialog/wxsmith/wxsImageListDialog.wxs" />
		<Unit filename="wxsImagePanel/ImagePanel16.xpm" />
		<Unit filename="wxsImagePanel/ImagePanel32.xpm" />
		<Unit filename="wxsImagePanel/wxsImagePanel.cpp" />
		<Unit filename="wxsImagePanel/wxsImagePanel.h" />
		<Extensions>
			<code_completion />
			<envvars />
			<debugger />
			<wxsmith version="1">
				<resources>
					<wxDialog wxs="wxsImageListDialog/wxsmith/wxsImageListDialog.wxs" src="wxsImageListDialog/wxsImageListDialog.cpp" hdr="wxsImageListDialog/wxsImageListDialog.h" name="wxsImageListDialog" language="CPP" />
				</resources>
			</wxsmith>
		</Extensions>
	</Project>
</CodeBlocks_project_file>
