<?xml version="1.0" encoding="UTF-8" standalone="yes" ?>
<CodeBlocks_project_file>
	<FileVersion major="1" minor="6" />
	<Project>
		<Option title="wxSmithImage - Image-Based Designers" />
		<Option pch_mode="2" />
		<Option compiler="gcc" />
		<Build>
			<Target title="wxSmithImage">
				<Option platforms="Windows;" />
				<Option output="..\..\..\devel\share\codeblocks\plugins\wxSmithImage" prefix_auto="0" extension_auto="1" />
				<Option object_output="..\..\..\.objs\plugins\contrib\wxSmithImage" />
				<Option type="3" />
				<Option compiler="gcc" />
				<Option parameters="--debug-log --no-check-associations -ns -nd" />
				<Option host_application="..\..\..\devel\codeblocks.exe" />
				<Option run_host_application_in_terminal="0" />
			</Target>
			<Environment>
				<Variable name="WX_CFG" value="" />
				<Variable name="WX_SUFFIX" value="u" />
			</Environment>
		</Build>
		<VirtualTargets>
			<Add alias="All" targets="wxSmithImage;" />
		</VirtualTargets>
		<Compiler>
			<Add option="-g" />
			<Add option="-pipe" />
			<Add option="-mthreads" />
			<Add option="-fmessage-length=0" />
			<Add option="-fexceptions" />
			<Add option="-Winvalid-pch" />
			<Add option="-DBUILDING_PLUGIN" />
			<Add option="-DHAVE_W32API_H" />
			<Add option="-D__WXMSW__" />
			<Add option="-DWXUSINGDLL" />
			<Add option="-DcbDEBUG" />
			<Add option="-DCB_PRECOMP" />
			<Add option="-DWX_PRECOMP" />
			<Add option="-DwxUSE_UNICODE" />
			<Add option="-DWXMAKINGDLL_THINGS" />
			<Add option="-DWXMAKINGDLL_CHART" />
			<Add option="-DWXMAKINGDLL_PROPGRID" />
			<Add option="-DwxPG_USE_WXMODULE=0" />
			<Add directory="wxsImageListDialog" />
			<Add directory="properties" />
			<Add directory="wxsImage" />
			<Add directory="wxsImageList" />
			<Add directory="wxImagePanel" />
			<Add directory="wxsImageComboEditDialog" />
			<Add directory="wxsImageTreeEditDialog" />
			<Add directory="..\wxSmith" />
			<Add directory="..\wxSmith\wxwidgets" />
			<Add directory="..\wxSmith\properties" />
			<Add directory="..\wxSmith\wxwidgets\properties" />
			<Add directory="..\wxSmith\wxwidgets\defitems" />
			<Add directory="..\..\..\include" />
			<Add directory="..\..\..\sdk\wxscintilla\include" />
			<Add directory="..\..\..\sdk\wxpropgrid\include" />
			<Add directory="$(#wx.include)" />
			<Add directory="$(#wx.lib)\gcc_dll$(WX_CFG)\msw$(WX_SUFFIX)" />
		</Compiler>
		<Linker>
			<Add option="-Wl,--enable-auto-image-base" />
			<Add option="-Wl,--export-all-symbols" />
			<Add option="-Wl,--add-stdcall-alias" />
			<Add option="-Wl,--enable-auto-import" />
			<Add library="wxsmithlib" />
			<Add library="wxpropgrid" />
			<Add library="codeblocks" />
			<Add library="wxmsw28$(WX_SUFFIX)" />
			<Add directory="..\..\..\devel" />
			<Add directory="$(#wx.lib)\gcc_dll$(WX_CFG)" />
		</Linker>
		<ExtraCommands>
			<Add after="zip -j9 ..\..\..\devel\share\codeblocks\wxSmithImage.zip manifest.xml" />
		</ExtraCommands>
		<Unit filename="manifest.xml" />
		<Unit filename="properties\wxseditenumproperty.cpp" />
		<Unit filename="properties\wxseditenumproperty.h" />
		<Unit filename="properties\wxsimagecomboproperty.cpp" />
		<Unit filename="properties\wxsimagecomboproperty.h" />
		<Unit filename="properties\wxsimagelistproperty.cpp" />
		<Unit filename="properties\wxsimagelistproperty.h" />
		<Unit filename="properties\wxsimageproperty.cpp" />
		<Unit filename="properties\wxsimageproperty.h" />
		<Unit filename="properties\wxsimagetreeproperty.cpp" />
		<Unit filename="properties\wxsimagetreeproperty.h" />
		<Unit filename="wxImagePanel\wxImagePanel.cpp" />
		<Unit filename="wxImagePanel\wxImagePanel.h" />
		<Unit filename="wxSmithImage.cpp" />
		<Unit filename="wxSmithImage.h" />
		<Unit filename="wxsBitmapComboBox\BitmapComboBox16.xpm" />
		<Unit filename="wxsBitmapComboBox\BitmapComboBox32.xpm" />
		<Unit filename="wxsBitmapComboBox\wxsBitmapComboBox.cpp" />
		<Unit filename="wxsBitmapComboBox\wxsBitmapComboBox.h" />
		<Unit filename="wxsImageButton\ImageButton16.xpm" />
		<Unit filename="wxsImageButton\ImageButton32.xpm" />
		<Unit filename="wxsImageButton\wxsImageButton.cpp" />
		<Unit filename="wxsImageButton\wxsImageButton.h" />
		<Unit filename="wxsImageComboEditDialog\wxsImageComboEditDialog.cpp" />
		<Unit filename="wxsImageComboEditDialog\wxsImageComboEditDialog.h" />
		<Unit filename="wxsImageComboEditDialog\wxsmith\wxsImageComboEditDialog.wxs" />
		<Unit filename="wxsImageListDialog\wxsImageListDialog.cpp" />
		<Unit filename="wxsImageListDialog\wxsImageListDialog.h" />
		<Unit filename="wxsImageListDialog\wxsmith\wxsImageListDialog.wxs" />
		<Unit filename="wxsImageList\ImageList16.xpm" />
		<Unit filename="wxsImageList\ImageList32.xpm" />
		<Unit filename="wxsImageList\wxsImageList.cpp" />
		<Unit filename="wxsImageList\wxsImageList.h" />
		<Unit filename="wxsImagePanel\ImagePanel16.xpm" />
		<Unit filename="wxsImagePanel\ImagePanel32.xpm" />
		<Unit filename="wxsImagePanel\wxsImagePanel.cpp" />
		<Unit filename="wxsImagePanel\wxsImagePanel.h" />
		<Unit filename="wxsImageTreeCtrl\ImageTreeCtrl16.xpm" />
		<Unit filename="wxsImageTreeCtrl\ImageTreeCtrl32.xpm" />
		<Unit filename="wxsImageTreeCtrl\wxsImageTreeCtrl.cpp" />
		<Unit filename="wxsImageTreeCtrl\wxsImageTreeCtrl.h" />
		<Unit filename="wxsImageTreeEditDialog\wxsImageTreeEditDialog.cpp" />
		<Unit filename="wxsImageTreeEditDialog\wxsImageTreeEditDialog.h" />
		<Unit filename="wxsImageTreeEditDialog\wxsmith\wxsImageTreeEditDialog.wxs" />
		<Unit filename="wxsImage\Image16.xpm" />
		<Unit filename="wxsImage\Image32.xpm" />
		<Unit filename="wxsImage\wxsImage.cpp" />
		<Unit filename="wxsImage\wxsImage.h" />
		<Extensions>
			<code_completion />
			<envvars />
			<debugger />
			<wxsmith version="1">
				<resources>
					<wxDialog wxs="wxsImageListDialog/wxsmith/wxsImageListDialog.wxs" src="wxsImageListDialog/wxsImageListDialog.cpp" hdr="wxsImageListDialog/wxsImageListDialog.h" fwddecl="0" i18n="1" name="wxsImageListDialog" language="CPP" />
					<wxDialog wxs="wxsImageComboEditDialog/wxsmith/wxsImageComboEditDialog.wxs" src="wxsImageComboEditDialog/wxsImageComboEditDialog.cpp" hdr="wxsImageComboEditDialog/wxsImageComboEditDialog.h" fwddecl="0" i18n="1" name="wxsImageComboEditDialog" language="CPP" />
					<wxDialog wxs="wxsImageTreeEditDialog/wxsmith/wxsImageTreeEditDialog.wxs" src="wxsImageTreeEditDialog/wxsImageTreeEditDialog.cpp" hdr="wxsImageTreeEditDialog/wxsImageTreeEditDialog.h" fwddecl="0" i18n="1" name="wxsImageTreeEditDialog" language="CPP" />
				</resources>
			</wxsmith>
		</Extensions>
	</Project>
</CodeBlocks_project_file>
