<?xml version="1.0" encoding="UTF-8" standalone="yes" ?>
<CodeBlocks_project_file>
	<FileVersion major="1" minor="6" />
	<Project>
		<Option title="wxSmithLed" />
		<Option pch_mode="2" />
		<Option compiler="gcc" />
		<Build>
			<Target title="wxLed">
				<Option output="..\..\..\devel\libwxLed" prefix_auto="1" extension_auto="1" />
				<Option working_dir="" />
				<Option object_output="..\..\..\.objs\plugins\contrib\wxSmithLed\wxLed" />
				<Option type="2" />
				<Option compiler="gcc" />
				<Option createDefFile="1" />
				<Option projectLinkerOptionsRelation="2" />
			</Target>
			<Target title="wxSmithLed">
				<Option output="..\..\..\devel\share\CodeBlocks\plugins\wxSmithLed" prefix_auto="1" extension_auto="1" />
				<Option working_dir="..\..\..\devel" />
				<Option object_output="..\..\..\.objs\plugins\contrib\wxSmithLed" />
				<Option type="3" />
				<Option compiler="gcc" />
				<Option parameters="--debug-log -na -ns -nd" />
				<Option host_application=".\codeblocks.exe" />
				<Option run_host_application_in_terminal="0" />
				<Compiler>
					<Add option="-fmessage-length=0" />
					<Add option="-fexceptions" />
					<Add option="-Winvalid-pch" />
					<Add option="-DBUILDING_PLUGIN" />
					<Add option="-DcbDEBUG" />
					<Add option="-DCB_PRECOMP" />
					<Add option="-DWXMAKINGDLL_PROPGRID" />
					<Add option="-DwxPG_USE_WXMODULE=0" />
					<Add directory="..\..\..\include" />
					<Add directory="..\..\..\sdk\wxscintilla\include" />
					<Add directory="..\..\..\sdk\wxpropgrid\include" />
					<Add directory="..\wxSmith" />
					<Add directory="..\wxSmith\wxwidgets\properties" />
				</Compiler>
				<Linker>
					<Add option="-mthreads" />
					<Add option="-Wl,--enable-auto-image-base" />
					<Add option="-Wl,--export-all-symbols" />
					<Add option="-Wl,--enable-auto-import" />
					<Add library="wxLed" />
					<Add library="wxsmithlib" />
					<Add library="wxpropgrid" />
					<Add library="codeblocks" />
					<Add library="wxmsw28$(WX_SUFFIX)" />
					<Add directory="..\..\..\devel" />
				</Linker>
				<ExtraCommands>
					<Add after="zip -j9 ..\..\..\devel\share\CodeBlocks\wxSmithLed.zip manifest.xml" />
					<Mode after="always" />
				</ExtraCommands>
			</Target>
			<Environment>
				<Variable name="WX_SUFFIX" value="u" />
				<Variable name="WX_CFG" value="" />
			</Environment>
		</Build>
		<VirtualTargets>
			<Add alias="All" targets="wxLed;wxSmithLed;" />
		</VirtualTargets>
		<Compiler>
			<Add option="-Wall" />
			<Add option="-g" />
			<Add option="-pipe" />
			<Add option="-mthreads" />
			<Add option="-DHAVE_W32API_H" />
			<Add option="-D__WXMSW__" />
			<Add option="-DWXUSINGDLL" />
			<Add option="-DwxUSE_UNICODE" />
			<Add option="-DWX_PRECOMP" />
			<Add directory="$(#wx.lib)\gcc_dll$(WX_CFG)\msw$(WX_SUFFIX)" />
			<Add directory="$(#wx.include)" />
			<Add directory="led\include" />
			<Add directory="ledpanel\include" />
			<Add directory="gizmosled\include" />
			<Add directory="lcdWindow\include" />
		</Compiler>
		<ResourceCompiler>
			<Add directory="$(#wx)\include" />
		</ResourceCompiler>
		<Linker>
			<Add directory="$(#wx.lib)\gcc_dll" />
		</Linker>
		<Unit filename="Images\wxled16.xpm">
			<Option target="wxSmithLed" />
		</Unit>
		<Unit filename="Images\wxled32.xpm">
			<Option target="wxSmithLed" />
		</Unit>
		<Unit filename="gizmosled\include\wx\gizmos\gizmos.h">
			<Option target="wxLed" />
		</Unit>
		<Unit filename="gizmosled\include\wx\gizmos\ledctrl.h">
			<Option target="wxLed" />
		</Unit>
		<Unit filename="gizmosled\src\eldel.xpm">
			<Option target="wxLed" />
		</Unit>
		<Unit filename="gizmosled\src\eldown.xpm">
			<Option target="wxLed" />
		</Unit>
		<Unit filename="gizmosled\src\eledit.xpm">
			<Option target="wxLed" />
		</Unit>
		<Unit filename="gizmosled\src\elnew.xpm">
			<Option target="wxLed" />
		</Unit>
		<Unit filename="gizmosled\src\elup.xpm">
			<Option target="wxLed" />
		</Unit>
		<Unit filename="gizmosled\src\ledctrl.cpp">
			<Option target="wxLed" />
		</Unit>
		<Unit filename="images\LedNumber16.xpm">
			<Option target="&lt;{~None~}&gt;" />
		</Unit>
		<Unit filename="images\LedNumber32.xpm">
			<Option target="&lt;{~None~}&gt;" />
		</Unit>
		<Unit filename="images\wxLcdWindow16.xpm">
			<Option target="&lt;{~None~}&gt;" />
		</Unit>
		<Unit filename="images\wxLcdWindow32.xpm">
			<Option target="&lt;{~None~}&gt;" />
		</Unit>
		<Unit filename="images\wxLedPanel16.xpm">
			<Option target="&lt;{~None~}&gt;" />
		</Unit>
		<Unit filename="images\wxLedPanel32.xpm">
			<Option target="&lt;{~None~}&gt;" />
		</Unit>
		<Unit filename="lcdWindow\include\wx\lcdwindow.h">
			<Option target="wxLed" />
		</Unit>
		<Unit filename="lcdWindow\src\lcdwindow.cpp">
			<Option target="wxLed" />
		</Unit>
		<Unit filename="led\include\wx\led.h">
			<Option target="wxLed" />
		</Unit>
		<Unit filename="led\src\led.cpp">
			<Option target="wxLed" />
		</Unit>
		<Unit filename="ledpanel\include\wx\advancedmatrixobject.h">
			<Option target="wxLed" />
		</Unit>
		<Unit filename="ledpanel\include\wx\matrixobject.h">
			<Option target="wxLed" />
		</Unit>
		<Unit filename="ledpanel\include\wx\wxledfont.h">
			<Option target="wxLed" />
		</Unit>
		<Unit filename="ledpanel\include\wx\wxledpanel.h">
			<Option target="wxLed" />
		</Unit>
		<Unit filename="ledpanel\src\advancedmatrixobject.cpp">
			<Option target="wxLed" />
		</Unit>
		<Unit filename="ledpanel\src\font75.cpp">
			<Option target="wxLed" />
		</Unit>
		<Unit filename="ledpanel\src\font77.cpp">
			<Option target="wxLed" />
		</Unit>
		<Unit filename="ledpanel\src\matrixobject.cpp">
			<Option target="wxLed" />
		</Unit>
		<Unit filename="ledpanel\src\wxledfont.cpp">
			<Option target="wxLed" />
		</Unit>
		<Unit filename="ledpanel\src\wxledpanel.cpp">
			<Option target="wxLed" />
		</Unit>
		<Unit filename="manifest.xml">
			<Option target="wxSmithLed" />
		</Unit>
		<Unit filename="wxSmithLed.cpp">
			<Option target="wxSmithLed" />
		</Unit>
		<Unit filename="wxSmithLed.h">
			<Option target="wxSmithLed" />
		</Unit>
		<Unit filename="wxsLcdWindow.cpp">
			<Option target="wxSmithLed" />
		</Unit>
		<Unit filename="wxsLcdWindow.h">
			<Option target="wxSmithLed" />
		</Unit>
		<Unit filename="wxsLed.cpp">
			<Option target="wxSmithLed" />
		</Unit>
		<Unit filename="wxsLed.h">
			<Option target="wxSmithLed" />
		</Unit>
		<Unit filename="wxsLedNumber.cpp">
			<Option target="wxSmithLed" />
		</Unit>
		<Unit filename="wxsLedNumber.h">
			<Option target="wxSmithLed" />
		</Unit>
		<Unit filename="wxsLedPanel.cpp">
			<Option target="wxSmithLed" />
		</Unit>
		<Unit filename="wxsLedPanel.h">
			<Option target="wxSmithLed" />
		</Unit>
		<Extensions>
			<code_completion />
			<envvars />
			<debugger />
			<DoxyBlocks>
				<comment_style block="0" line="0" />
				<doxyfile_project output_language="German" />
				<doxyfile_build />
				<doxyfile_warnings />
				<doxyfile_output />
				<doxyfile_dot />
				<general />
			</DoxyBlocks>
		</Extensions>
	</Project>
</CodeBlocks_project_file>
